
Microsoft Visual Studio Solution File, Format Version 12.00
# Visual Studio Version 17
VisualStudioVersion = 17.0.31903.59
MinimumVisualStudioVersion = 10.0.40219.1
Project("{2150E333-8FDC-42A3-9474-1A3956D46DE8}") = "src", "src", "{B1E60A67-C2C9-4A8E-A9A5-9FE81099DF7C}"
EndProject
Project("{FAE04EC0-301F-11D3-BF4B-00C04F79EFBC}") = "Charm.Engine", "src\Charm.Engine\Charm.Engine.csproj", "{52C42D85-5408-4E02-A649-574DF01457B5}"
EndProject
Project("{FAE04EC0-301F-11D3-BF4B-00C04F79EFBC}") = "Charm.Harness", "src\Charm.Harness\Charm.Harness.csproj", "{CA76F77F-A8CA-4F93-A6DF-7BCFFAA8549D}"
EndProject
Global
	GlobalSection(SolutionConfigurationPlatforms) = preSolution
		Debug|Any CPU = Debug|Any CPU
		Release|Any CPU = Release|Any CPU
	EndGlobalSection
	GlobalSection(SolutionProperties) = preSolution
		HideSolutionNode = FALSE
	EndGlobalSection
	GlobalSection(ProjectConfigurationPlatforms) = postSolution
		{52C42D85-5408-4E02-A649-574DF01457B5}.Debug|Any CPU.ActiveCfg = Debug|Any CPU
		{52C42D85-5408-4E02-A649-574DF01457B5}.Debug|Any CPU.Build.0 = Debug|Any CPU
		{52C42D85-5408-4E02-A649-574DF01457B5}.Release|Any CPU.ActiveCfg = Release|Any CPU
		{52C42D85-5408-4E02-A649-574DF01457B5}.Release|Any CPU.Build.0 = Release|Any CPU
		{CA76F77F-A8CA-4F93-A6DF-7BCFFAA8549D}.Debug|Any CPU.ActiveCfg = Debug|Any CPU
		{CA76F77F-A8CA-4F93-A6DF-7BCFFAA8549D}.Debug|Any CPU.Build.0 = Debug|Any CPU
		{CA76F77F-A8CA-4F93-A6DF-7BCFFAA8549D}.Release|Any CPU.ActiveCfg = Release|Any CPU
		{CA76F77F-A8CA-4F93-A6DF-7BCFFAA8549D}.Release|Any CPU.Build.0 = Release|Any CPU
	EndGlobalSection
	GlobalSection(NestedProjects) = preSolution
		{52C42D85-5408-4E02-A649-574DF01457B5} = {B1E60A67-C2C9-4A8E-A9A5-9FE81099DF7C}
		{CA76F77F-A8CA-4F93-A6DF-7BCFFAA8549D} = {B1E60A67-C2C9-4A8E-A9A5-9FE81099DF7C}
	EndGlobalSection
EndGlobal
